
Microsoft Visual Studio Solution File, Format Version 12.00
# Visual Studio Version 17
VisualStudioVersion = 17.9.34622.214
MinimumVisualStudioVersion = 10.0.40219.1
Project("{9A19103F-16F7-4668-BE54-9A1E7A4F7556}") = "YuChingWeb", "YuChingWeb\YuChingWeb.csproj", "{0AAA4794-6198-443C-8B4A-C153CC4498FC}"
EndProject
Project("{FAE04EC0-301F-11D3-BF4B-00C04F79EFBC}") = "YuChingBook.Models", "YuChingBook.Models\YuChingBook.Models.csproj", "{EAB2DC72-6EA8-4E90-A911-FF5E927BCDBF}"
EndProject
Global
	GlobalSection(SolutionConfigurationPlatforms) = preSolution
		Debug|Any CPU = Debug|Any CPU
		Release|Any CPU = Release|Any CPU
	EndGlobalSection
	GlobalSection(ProjectConfigurationPlatforms) = postSolution
		{0AAA4794-6198-443C-8B4A-C153CC4498FC}.Debug|Any CPU.ActiveCfg = Debug|Any CPU
		{0AAA4794-6198-443C-8B4A-C153CC4498FC}.Debug|Any CPU.Build.0 = Debug|Any CPU
		{0AAA4794-6198-443C-8B4A-C153CC4498FC}.Release|Any CPU.ActiveCfg = Release|Any CPU
		{0AAA4794-6198-443C-8B4A-C153CC4498FC}.Release|Any CPU.Build.0 = Release|Any CPU
		{EAB2DC72-6EA8-4E90-A911-FF5E927BCDBF}.Debug|Any CPU.ActiveCfg = Debug|Any CPU
		{EAB2DC72-6EA8-4E90-A911-FF5E927BCDBF}.Debug|Any CPU.Build.0 = Debug|Any CPU
		{EAB2DC72-6EA8-4E90-A911-FF5E927BCDBF}.Release|Any CPU.ActiveCfg = Release|Any CPU
		{EAB2DC72-6EA8-4E90-A911-FF5E927BCDBF}.Release|Any CPU.Build.0 = Release|Any CPU
	EndGlobalSection
	GlobalSection(SolutionProperties) = preSolution
		HideSolutionNode = FALSE
	EndGlobalSection
	GlobalSection(ExtensibilityGlobals) = postSolution
		SolutionGuid = {55A56D7E-A0E8-4C0D-A605-BFFD3C79FB1E}
	EndGlobalSection
EndGlobal
